
Microsoft Visual Studio Solution File, Format Version 12.00
# Visual Studio Version 16
VisualStudioVersion = 16.0.30011.22
MinimumVisualStudioVersion = 10.0.40219.1
Project("{FAE04EC0-301F-11D3-BF4B-00C04F79EFBC}") = "ToDoListMVC", "ToDoListMVC\ToDoListMVC.csproj", "{5CD8B2D8-9B32-425E-AF01-B954612C54F2}"
EndProject
Global
	GlobalSection(SolutionConfigurationPlatforms) = preSolution
		Debug|Any CPU = Debug|Any CPU
		Release|Any CPU = Release|Any CPU
	EndGlobalSection
	GlobalSection(ProjectConfigurationPlatforms) = postSolution
		{5CD8B2D8-9B32-425E-AF01-B954612C54F2}.Debug|Any CPU.ActiveCfg = Debug|Any CPU
		{5CD8B2D8-9B32-425E-AF01-B954612C54F2}.Debug|Any CPU.Build.0 = Debug|Any CPU
		{5CD8B2D8-9B32-425E-AF01-B954612C54F2}.Release|Any CPU.ActiveCfg = Release|Any CPU
		{5CD8B2D8-9B32-425E-AF01-B954612C54F2}.Release|Any CPU.Build.0 = Release|Any CPU
	EndGlobalSection
	GlobalSection(SolutionProperties) = preSolution
		HideSolutionNode = FALSE
	EndGlobalSection
	GlobalSection(ExtensibilityGlobals) = postSolution
		SolutionGuid = {B3A5F904-CA3F-4C3F-9E48-74C8BBDD12E7}
	EndGlobalSection
EndGlobal
